Microsoft Visual Studio Solution File, Format Version 12.00
# Visual Studio Version 17
VisualStudioVersion = 17.5.2.0
MinimumVisualStudioVersion = 10.0.40219.1
Project("{FAE04EC0-301F-11D3-BF4B-00C04F79EFBC}") = "ooap_1", "ooap_1\ooap_1.csproj", "{B37FDDCC-1735-2596-A5B5-08E6E1B55FE5}"
EndProject
Global
	GlobalSection(SolutionConfigurationPlatforms) = preSolution
		Debug|Any CPU = Debug|Any CPU
		Release|Any CPU = Release|Any CPU
	EndGlobalSection
	GlobalSection(ProjectConfigurationPlatforms) = postSolution
		{B37FDDCC-1735-2596-A5B5-08E6E1B55FE5}.Debug|Any CPU.ActiveCfg = Debug|Any CPU
		{B37FDDCC-1735-2596-A5B5-08E6E1B55FE5}.Debug|Any CPU.Build.0 = Debug|Any CPU
		{B37FDDCC-1735-2596-A5B5-08E6E1B55FE5}.Release|Any CPU.ActiveCfg = Release|Any CPU
		{B37FDDCC-1735-2596-A5B5-08E6E1B55FE5}.Release|Any CPU.Build.0 = Release|Any CPU
	EndGlobalSection
	GlobalSection(SolutionProperties) = preSolution
		HideSolutionNode = FALSE
	EndGlobalSection
	GlobalSection(ExtensibilityGlobals) = postSolution
		SolutionGuid = {727CD5E9-1CF4-4718-8DE2-C11D37FC2405}
	EndGlobalSection
EndGlobal
